// !$*UTF8*$!
{
	archiveVersion = 1;
	classes = {
	};
	objectVersion = 60;
	objects = {

/* Begin PBXBuildFile section */
		077E057A2C68400700B9D2D4 /* Image_SandboxApp.swift in Sources */ = {isa = PBXBuildFile; fileRef = 077E05792C68400700B9D2D4 /* Image_SandboxApp.swift */; };
		077E057C2C68400700B9D2D4 /* ContentView.swift in Sources */ = {isa = PBXBuildFile; fileRef = 077E057B2C68400700B9D2D4 /* ContentView.swift */; };
		077E057E2C68400900B9D2D4 /* Assets.xcassets in Resources */ = {isa = PBXBuildFile; fileRef = 077E057D2C68400900B9D2D4 /* Assets.xcassets */; };
		077E05812C68400900B9D2D4 /* Preview Assets.xcassets in Resources */ = {isa = PBXBuildFile; fileRef = 077E05802C68400900B9D2D4 /* Preview Assets.xcassets */; };
		077E05882C68402E00B9D2D4 /* OpenAIService.swift in Sources */ = {isa = PBXBuildFile; fileRef = 077E05872C68402E00B9D2D4 /* OpenAIService.swift */; };
		077E058A2C68499E00B9D2D4 /* Keys.swift in Sources */ = {isa = PBXBuildFile; fileRef = 077E05892C68499E00B9D2D4 /* Keys.swift */; };
		077E058C2C684C6400B9D2D4 /* ImgPickerView.swift in Sources */ = {isa = PBXBuildFile; fileRef = 077E058B2C684C6400B9D2D4 /* ImgPickerView.swift */; };
		077E058E2C684EFB00B9D2D4 /* OpenAI.swift in Sources */ = {isa = PBXBuildFile; fileRef = 077E058D2C684EFA00B9D2D4 /* OpenAI.swift */; };
		077E05902C684F2600B9D2D4 /* Variations.swift in Sources */ = {isa = PBXBuildFile; fileRef = 077E058F2C684F2600B9D2D4 /* Variations.swift */; };
/* End PBXBuildFile section */

/* Begin PBXFileReference section */
		077E05762C68400700B9D2D4 /* Image Sandbox.app */ = {isa = PBXFileReference; explicitFileType = wrapper.application; includeInIndex = 0; path = "Image Sandbox.app"; sourceTree = BUILT_PRODUCTS_DIR; };
		077E05792C68400700B9D2D4 /* Image_SandboxApp.swift */ = {isa = PBXFileReference; lastKnownFileType = sourcecode.swift; path = Image_SandboxApp.swift; sourceTree = "<group>"; };
		077E057B2C68400700B9D2D4 /* ContentView.swift */ = {isa = PBXFileReference; lastKnownFileType = sourcecode.swift; path = ContentView.swift; sourceTree = "<group>"; };
		077E057D2C68400900B9D2D4 /* Assets.xcassets */ = {isa = PBXFileReference; lastKnownFileType = folder.assetcatalog; path = Assets.xcassets; sourceTree = "<group>"; };
		077E05802C68400900B9D2D4 /* Preview Assets.xcassets */ = {isa = PBXFileReference; lastKnownFileType = folder.assetcatalog; path = "Preview Assets.xcassets"; sourceTree = "<group>"; };
		077E05872C68402E00B9D2D4 /* OpenAIService.swift */ = {isa = PBXFileReference; lastKnownFileType = sourcecode.swift; path = OpenAIService.swift; sourceTree = "<group>"; };
		077E05892C68499E00B9D2D4 /* Keys.swift */ = {isa = PBXFileReference; lastKnownFileType = sourcecode.swift; path = Keys.swift; sourceTree = "<group>"; };
		077E058B2C684C6400B9D2D4 /* ImgPickerView.swift */ = {isa = PBXFileReference; lastKnownFileType = sourcecode.swift; path = ImgPickerView.swift; sourceTree = "<group>"; };
		077E058D2C684EFA00B9D2D4 /* OpenAI.swift */ = {isa = PBXFileReference; lastKnownFileType = sourcecode.swift; path = OpenAI.swift; sourceTree = "<group>"; };
		077E058F2C684F2600B9D2D4 /* Variations.swift */ = {isa = PBXFileReference; lastKnownFileType = sourcecode.swift; path = Variations.swift; sourceTree = "<group>"; };
/* End PBXFileReference section */

/* Begin PBXFrameworksBuildPhase section */
		077E05732C68400700B9D2D4 /* Frameworks */ = {
			isa = PBXFrameworksBuildPhase;
			buildActionMask = 2147483647;
			files = (
			);
			runOnlyForDeploymentPostprocessing = 0;
		};
/* End PBXFrameworksBuildPhase section */

/* Begin PBXGroup section */
		077E056D2C68400700B9D2D4 = {
			isa = PBXGroup;
			children = (
				077E05782C68400700B9D2D4 /* Image Sandbox */,
				077E05772C68400700B9D2D4 /* Products */,
			);
			sourceTree = "<group>";
		};
		077E05772C68400700B9D2D4 /* Products */ = {
			isa = PBXGroup;
			children = (
				077E05762C68400700B9D2D4 /* Image Sandbox.app */,
			);
			name = Products;
			sourceTree = "<group>";
		};
		077E05782C68400700B9D2D4 /* Image Sandbox */ = {
			isa = PBXGroup;
			children = (
				077E05792C68400700B9D2D4 /* Image_SandboxApp.swift */,
				077E057B2C68400700B9D2D4 /* ContentView.swift */,
				077E058B2C684C6400B9D2D4 /* ImgPickerView.swift */,
				077E058D2C684EFA00B9D2D4 /* OpenAI.swift */,
				077E058F2C684F2600B9D2D4 /* Variations.swift */,
				077E05872C68402E00B9D2D4 /* OpenAIService.swift */,
				077E05892C68499E00B9D2D4 /* Keys.swift */,
				077E057D2C68400900B9D2D4 /* Assets.xcassets */,
				077E057F2C68400900B9D2D4 /* Preview Content */,
			);
			path = "Image Sandbox";
			sourceTree = "<group>";
		};
		077E057F2C68400900B9D2D4 /* Preview Content */ = {
			isa = PBXGroup;
			children = (
				077E05802C68400900B9D2D4 /* Preview Assets.xcassets */,
			);
			path = "Preview Content";
			sourceTree = "<group>";
		};
/* End PBXGroup section */

/* Begin PBXNativeTarget section */
		077E05752C68400700B9D2D4 /* Image Sandbox */ = {
			isa = PBXNativeTarget;
			buildConfigurationList = 077E05842C68400900B9D2D4 /* Build configuration list for PBXNativeTarget "Image Sandbox" */;
			buildPhases = (
				077E05722C68400700B9D2D4 /* Sources */,
				077E05732C68400700B9D2D4 /* Frameworks */,
				077E05742C68400700B9D2D4 /* Resources */,
			);
			buildRules = (
			);
			dependencies = (
			);
			name = "Image Sandbox";
			productName = "Image Sandbox";
			productReference = 077E05762C68400700B9D2D4 /* Image Sandbox.app */;
			productType = "com.apple.product-type.application";
		};
/* End PBXNativeTarget section */

/* Begin PBXProject section */
		077E056E2C68400700B9D2D4 /* Project object */ = {
			isa = PBXProject;
			attributes = {
				BuildIndependentTargetsInParallel = 1;
				LastSwiftUpdateCheck = 1600;
				LastUpgradeCheck = 1600;
				TargetAttributes = {
					077E05752C68400700B9D2D4 = {
						CreatedOnToolsVersion = 16.0;
					};
				};
			};
			buildConfigurationList = 077E05712C68400700B9D2D4 /* Build configuration list for PBXProject "Image Sandbox" */;
			compatibilityVersion = "Xcode 15.0";
			developmentRegion = en;
			hasScannedForEncodings = 0;
			knownRegions = (
				en,
				Base,
			);
			mainGroup = 077E056D2C68400700B9D2D4;
			productRefGroup = 077E05772C68400700B9D2D4 /* Products */;
			projectDirPath = "";
			projectRoot = "";
			targets = (
				077E05752C68400700B9D2D4 /* Image Sandbox */,
			);
		};
/* End PBXProject section */

/* Begin PBXResourcesBuildPhase section */
		077E05742C68400700B9D2D4 /* Resources */ = {
			isa = PBXResourcesBuildPhase;
			buildActionMask = 2147483647;
			files = (
				077E05812C68400900B9D2D4 /* Preview Assets.xcassets in Resources */,
				077E057E2C68400900B9D2D4 /* Assets.xcassets in Resources */,
			);
			runOnlyForDeploymentPostprocessing = 0;
		};
/* End PBXResourcesBuildPhase section */

/* Begin PBXSourcesBuildPhase section */
		077E05722C68400700B9D2D4 /* Sources */ = {
			isa = PBXSourcesBuildPhase;
			buildActionMask = 2147483647;
			files = (
				077E058C2C684C6400B9D2D4 /* ImgPickerView.swift in Sources */,
				077E057C2C68400700B9D2D4 /* ContentView.swift in Sources */,
				077E058A2C68499E00B9D2D4 /* Keys.swift in Sources */,
				077E058E2C684EFB00B9D2D4 /* OpenAI.swift in Sources */,
				077E057A2C68400700B9D2D4 /* Image_SandboxApp.swift in Sources */,
				077E05882C68402E00B9D2D4 /* OpenAIService.swift in Sources */,
				077E05902C684F2600B9D2D4 /* Variations.swift in Sources */,
			);
			runOnlyForDeploymentPostprocessing = 0;
		};
/* End PBXSourcesBuildPhase section */

/* Begin XCBuildConfiguration section */
		077E05822C68400900B9D2D4 /* Debug */ = {
			isa = XCBuildConfiguration;
			buildSettings = {
				ALWAYS_SEARCH_USER_PATHS = NO;
				ASSETCATALOG_COMPILER_GENERATE_SWIFT_ASSET_SYMBOL_EXTENSIONS = YES;
				CLANG_ANALYZER_NONNULL = YES;
				CLANG_ANALYZER_NUMBER_OBJECT_CONVERSION = YES_AGGRESSIVE;
				CLANG_CXX_LANGUAGE_STANDARD = "gnu++20";
				CLANG_ENABLE_MODULES = YES;
				CLANG_ENABLE_OBJC_ARC = YES;
				CLANG_ENABLE_OBJC_WEAK = YES;
				CLANG_WARN_BLOCK_CAPTURE_AUTORELEASING = YES;
				CLANG_WARN_BOOL_CONVERSION = YES;
				CLANG_WARN_COMMA = YES;
				CLANG_WARN_CONSTANT_CONVERSION = YES;
				CLANG_WARN_DEPRECATED_OBJC_IMPLEMENTATIONS = YES;
				CLANG_WARN_DIRECT_OBJC_ISA_USAGE = YES_ERROR;
				CLANG_WARN_DOCUMENTATION_COMMENTS = YES;
				CLANG_WARN_EMPTY_BODY = YES;
				CLANG_WARN_ENUM_CONVERSION = YES;
				CLANG_WARN_INFINITE_RECURSION = YES;
				CLANG_WARN_INT_CONVERSION = YES;
				CLANG_WARN_NON_LITERAL_NULL_CONVERSION = YES;
				CLANG_WARN_OBJC_IMPLICIT_RETAIN_SELF = YES;
				CLANG_WARN_OBJC_LITERAL_CONVERSION = YES;
				CLANG_WARN_OBJC_ROOT_CLASS = YES_ERROR;
				CLANG_WARN_QUOTED_INCLUDE_IN_FRAMEWORK_HEADER = YES;
				CLANG_WARN_RANGE_LOOP_ANALYSIS = YES;
				CLANG_WARN_STRICT_PROTOTYPES = YES;
				CLANG_WARN_SUSPICIOUS_MOVE = YES;
				CLANG_WARN_UNGUARDED_AVAILABILITY = YES_AGGRESSIVE;
				CLANG_WARN_UNREACHABLE_CODE = YES;
				CLANG_WARN__DUPLICATE_METHOD_MATCH = YES;
				COPY_PHASE_STRIP = NO;
				DEBUG_INFORMATION_FORMAT = dwarf;
				ENABLE_STRICT_OBJC_MSGSEND = YES;
				ENABLE_TESTABILITY = YES;
				ENABLE_USER_SCRIPT_SANDBOXING = YES;
				GCC_C_LANGUAGE_STANDARD = gnu17;
				GCC_DYNAMIC_NO_PIC = NO;
				GCC_NO_COMMON_BLOCKS = YES;
				GCC_OPTIMIZATION_LEVEL = 0;
				GCC_PREPROCESSOR_DEFINITIONS = (
					"DEBUG=1",
					"$(inherited)",
				);
				GCC_WARN_64_TO_32_BIT_CONVERSION = YES;
				GCC_WARN_ABOUT_RETURN_TYPE = YES_ERROR;
				GCC_WARN_UNDECLARED_SELECTOR = YES;
				GCC_WARN_UNINITIALIZED_AUTOS = YES_AGGRESSIVE;
				GCC_WARN_UNUSED_FUNCTION = YES;
				GCC_WARN_UNUSED_VARIABLE = YES;
				IPHONEOS_DEPLOYMENT_TARGET = 18.0;
				LOCALIZATION_PREFERS_STRING_CATALOGS = YES;
				MTL_ENABLE_DEBUG_INFO = INCLUDE_SOURCE;
				MTL_FAST_MATH = YES;
				ONLY_ACTIVE_ARCH = YES;
				SDKROOT = iphoneos;
				SWIFT_ACTIVE_COMPILATION_CONDITIONS = "DEBUG $(inherited)";
				SWIFT_OPTIMIZATION_LEVEL = "-Onone";
			};
			name = Debug;
		};
		077E05832C68400900B9D2D4 /* Release */ = {
			isa = XCBuildConfiguration;
			buildSettings = {
				ALWAYS_SEARCH_USER_PATHS = NO;
				ASSETCATALOG_COMPILER_GENERATE_SWIFT_ASSET_SYMBOL_EXTENSIONS = YES;
				CLANG_ANALYZER_NONNULL = YES;
				CLANG_ANALYZER_NUMBER_OBJECT_CONVERSION = YES_AGGRESSIVE;
				CLANG_CXX_LANGUAGE_STANDARD = "gnu++20";
				CLANG_ENABLE_MODULES = YES;
				CLANG_ENABLE_OBJC_ARC = YES;
				CLANG_ENABLE_OBJC_WEAK = YES;
				CLANG_WARN_BLOCK_CAPTURE_AUTORELEASING = YES;
				CLANG_WARN_BOOL_CONVERSION = YES;
				CLANG_WARN_COMMA = YES;
				CLANG_WARN_CONSTANT_CONVERSION = YES;
				CLANG_WARN_DEPRECATED_OBJC_IMPLEMENTATIONS = YES;
				CLANG_WARN_DIRECT_OBJC_ISA_USAGE = YES_ERROR;
				CLANG_WARN_DOCUMENTATION_COMMENTS = YES;
				CLANG_WARN_EMPTY_BODY = YES;
				CLANG_WARN_ENUM_CONVERSION = YES;
				CLANG_WARN_INFINITE_RECURSION = YES;
				CLANG_WARN_INT_CONVERSION = YES;
				CLANG_WARN_NON_LITERAL_NULL_CONVERSION = YES;
				CLANG_WARN_OBJC_IMPLICIT_RETAIN_SELF = YES;
				CLANG_WARN_OBJC_LITERAL_CONVERSION = YES;
				CLANG_WARN_OBJC_ROOT_CLASS = YES_ERROR;
				CLANG_WARN_QUOTED_INCLUDE_IN_FRAMEWORK_HEADER = YES;
				CLANG_WARN_RANGE_LOOP_ANALYSIS = YES;
				CLANG_WARN_STRICT_PROTOTYPES = YES;
				CLANG_WARN_SUSPICIOUS_MOVE = YES;
				CLANG_WARN_UNGUARDED_AVAILABILITY = YES_AGGRESSIVE;
				CLANG_WARN_UNREACHABLE_CODE = YES;
				CLANG_WARN__DUPLICATE_METHOD_MATCH = YES;
				COPY_PHASE_STRIP = NO;
				DEBUG_INFORMATION_FORMAT = "dwarf-with-dsym";
				ENABLE_NS_ASSERTIONS = NO;
				ENABLE_STRICT_OBJC_MSGSEND = YES;
				ENABLE_USER_SCRIPT_SANDBOXING = YES;
				GCC_C_LANGUAGE_STANDARD = gnu17;
				GCC_NO_COMMON_BLOCKS = YES;
				GCC_WARN_64_TO_32_BIT_CONVERSION = YES;
				GCC_WARN_ABOUT_RETURN_TYPE = YES_ERROR;
				GCC_WARN_UNDECLARED_SELECTOR = YES;
				GCC_WARN_UNINITIALIZED_AUTOS = YES_AGGRESSIVE;
				GCC_WARN_UNUSED_FUNCTION = YES;
				GCC_WARN_UNUSED_VARIABLE = YES;
				IPHONEOS_DEPLOYMENT_TARGET = 18.0;
				LOCALIZATION_PREFERS_STRING_CATALOGS = YES;
				MTL_ENABLE_DEBUG_INFO = NO;
				MTL_FAST_MATH = YES;
				SDKROOT = iphoneos;
				SWIFT_COMPILATION_MODE = wholemodule;
				VALIDATE_PRODUCT = YES;
			};
			name = Release;
		};
		077E05852C68400900B9D2D4 /* Debug */ = {
			isa = XCBuildConfiguration;
			buildSettings = {
				ASSETCATALOG_COMPILER_APPICON_NAME = AppIcon;
				ASSETCATALOG_COMPILER_GLOBAL_ACCENT_COLOR_NAME = AccentColor;
				CODE_SIGN_STYLE = Automatic;
				CURRENT_PROJECT_VERSION = 1;
				DEVELOPMENT_ASSET_PATHS = "\"Image Sandbox/Preview Content\"";
				DEVELOPMENT_TEAM = P5K444356C;
				ENABLE_PREVIEWS = YES;
				GENERATE_INFOPLIST_FILE = YES;
				INFOPLIST_KEY_UIApplicationSceneManifest_Generation = YES;
				INFOPLIST_KEY_UIApplicationSupportsIndirectInputEvents = YES;
				INFOPLIST_KEY_UILaunchScreen_Generation = YES;
				INFOPLIST_KEY_UISupportedInterfaceOrientations_iPad = "UIInterfaceOrientationPortrait UIInterfaceOrientationPortraitUpsideDown UIInterfaceOrientationLandscapeLeft UIInterfaceOrientationLandscapeRight";
				INFOPLIST_KEY_UISupportedInterfaceOrientations_iPhone = "UIInterfaceOrientationPortrait UIInterfaceOrientationLandscapeLeft UIInterfaceOrientationLandscapeRight";
				LD_RUNPATH_SEARCH_PATHS = (
					"$(inherited)",
					"@executable_path/Frameworks",
				);
				MARKETING_VERSION = 1.0;
				PRODUCT_BUNDLE_IDENTIFIER = "com.parpods.Image-Sandbox";
				PRODUCT_NAME = "$(TARGET_NAME)";
				SWIFT_EMIT_LOC_STRINGS = YES;
				SWIFT_VERSION = 5.0;
				TARGETED_DEVICE_FAMILY = "1,2";
			};
			name = Debug;
		};
		077E05862C68400900B9D2D4 /* Release */ = {
			isa = XCBuildConfiguration;
			buildSettings = {
				ASSETCATALOG_COMPILER_APPICON_NAME = AppIcon;
				ASSETCATALOG_COMPILER_GLOBAL_ACCENT_COLOR_NAME = AccentColor;
				CODE_SIGN_STYLE = Automatic;
				CURRENT_PROJECT_VERSION = 1;
				DEVELOPMENT_ASSET_PATHS = "\"Image Sandbox/Preview Content\"";
				DEVELOPMENT_TEAM = P5K444356C;
				ENABLE_PREVIEWS = YES;
				GENERATE_INFOPLIST_FILE = YES;
				INFOPLIST_KEY_UIApplicationSceneManifest_Generation = YES;
				INFOPLIST_KEY_UIApplicationSupportsIndirectInputEvents = YES;
				INFOPLIST_KEY_UILaunchScreen_Generation = YES;
				INFOPLIST_KEY_UISupportedInterfaceOrientations_iPad = "UIInterfaceOrientationPortrait UIInterfaceOrientationPortraitUpsideDown UIInterfaceOrientationLandscapeLeft UIInterfaceOrientationLandscapeRight";
				INFOPLIST_KEY_UISupportedInterfaceOrientations_iPhone = "UIInterfaceOrientationPortrait UIInterfaceOrientationLandscapeLeft UIInterfaceOrientationLandscapeRight";
				LD_RUNPATH_SEARCH_PATHS = (
					"$(inherited)",
					"@executable_path/Frameworks",
				);
				MARKETING_VERSION = 1.0;
				PRODUCT_BUNDLE_IDENTIFIER = "com.parpods.Image-Sandbox";
				PRODUCT_NAME = "$(TARGET_NAME)";
				SWIFT_EMIT_LOC_STRINGS = YES;
				SWIFT_VERSION = 5.0;
				TARGETED_DEVICE_FAMILY = "1,2";
			};
			name = Release;
		};
/* End XCBuildConfiguration section */

/* Begin XCConfigurationList section */
		077E05712C68400700B9D2D4 /* Build configuration list for PBXProject "Image Sandbox" */ = {
			isa = XCConfigurationList;
			buildConfigurations = (
				077E05822C68400900B9D2D4 /* Debug */,
				077E05832C68400900B9D2D4 /* Release */,
			);
			defaultConfigurationIsVisible = 0;
			defaultConfigurationName = Release;
		};
		077E05842C68400900B9D2D4 /* Build configuration list for PBXNativeTarget "Image Sandbox" */ = {
			isa = XCConfigurationList;
			buildConfigurations = (
				077E05852C68400900B9D2D4 /* Debug */,
				077E05862C68400900B9D2D4 /* Release */,
			);
			defaultConfigurationIsVisible = 0;
			defaultConfigurationName = Release;
		};
/* End XCConfigurationList section */
	};
	rootObject = 077E056E2C68400700B9D2D4 /* Project object */;
}
